
Microsoft Visual Studio Solution File, Format Version 12.00
# Visual Studio Version 17
VisualStudioVersion = 17.0.32014.148
MinimumVisualStudioVersion = 10.0.40219.1
Project("{FAE04EC0-301F-11D3-BF4B-00C04F79EFBC}") = "TestGit", "TestGit\TestGit.csproj", "{05077AE3-CCF5-47A6-BE0E-5F64F0456FBA}"
EndProject
Global
	GlobalSection(SolutionConfigurationPlatforms) = preSolution
		Debug|Any CPU = Debug|Any CPU
		Release|Any CPU = Release|Any CPU
	EndGlobalSection
	GlobalSection(ProjectConfigurationPlatforms) = postSolution
		{05077AE3-CCF5-47A6-BE0E-5F64F0456FBA}.Debug|Any CPU.ActiveCfg = Debug|Any CPU
		{05077AE3-CCF5-47A6-BE0E-5F64F0456FBA}.Debug|Any CPU.Build.0 = Debug|Any CPU
		{05077AE3-CCF5-47A6-BE0E-5F64F0456FBA}.Release|Any CPU.ActiveCfg = Release|Any CPU
		{05077AE3-CCF5-47A6-BE0E-5F64F0456FBA}.Release|Any CPU.Build.0 = Release|Any CPU
	EndGlobalSection
	GlobalSection(SolutionProperties) = preSolution
		HideSolutionNode = FALSE
	EndGlobalSection
	GlobalSection(ExtensibilityGlobals) = postSolution
		SolutionGuid = {ABBFE0B0-35FA-456C-8AB8-9B197EBA3F79}
	EndGlobalSection
EndGlobal
